// !$*UTF8*$!
{
	archiveVersion = 1;
	classes = {
	};
	objectVersion = 50;
	objects = {

/* Begin PBXBuildFile section */
		79247B0F25FBEBF000FAF76C /* AppDelegate.swift in Sources */ = {isa = PBXBuildFile; fileRef = 79247B0E25FBEBF000FAF76C /* AppDelegate.swift */; };
		79247B1125FBEBF000FAF76C /* SceneDelegate.swift in Sources */ = {isa = PBXBuildFile; fileRef = 79247B1025FBEBF000FAF76C /* SceneDelegate.swift */; };
		79247B1325FBEBF000FAF76C /* GroupsViewController.swift in Sources */ = {isa = PBXBuildFile; fileRef = 79247B1225FBEBF000FAF76C /* GroupsViewController.swift */; };
		79247B1625FBEBF000FAF76C /* Main.storyboard in Resources */ = {isa = PBXBuildFile; fileRef = 79247B1425FBEBF000FAF76C /* Main.storyboard */; };
		79247B1825FBEBF200FAF76C /* Assets.xcassets in Resources */ = {isa = PBXBuildFile; fileRef = 79247B1725FBEBF200FAF76C /* Assets.xcassets */; };
		79247B1B25FBEBF200FAF76C /* LaunchScreen.storyboard in Resources */ = {isa = PBXBuildFile; fileRef = 79247B1925FBEBF200FAF76C /* LaunchScreen.storyboard */; };
		79247B2E25FBF6BD00FAF76C /* LoginViewController.swift in Sources */ = {isa = PBXBuildFile; fileRef = 79247B2D25FBF6BD00FAF76C /* LoginViewController.swift */; };
		79247B3125FBF6C700FAF76C /* RegisterViewController.swift in Sources */ = {isa = PBXBuildFile; fileRef = 79247B3025FBF6C700FAF76C /* RegisterViewController.swift */; };
		79247B3625FBF6FF00FAF76C /* NewGroupViewController.swift in Sources */ = {isa = PBXBuildFile; fileRef = 79247B3525FBF6FF00FAF76C /* NewGroupViewController.swift */; };
		79247B3925FBF70F00FAF76C /* ProfileViewController.swift in Sources */ = {isa = PBXBuildFile; fileRef = 79247B3825FBF70F00FAF76C /* ProfileViewController.swift */; };
/* End PBXBuildFile section */

/* Begin PBXFileReference section */
		79247B0B25FBEBF000FAF76C /* groupCycle.app */ = {isa = PBXFileReference; explicitFileType = wrapper.application; includeInIndex = 0; path = groupCycle.app; sourceTree = BUILT_PRODUCTS_DIR; };
		79247B0E25FBEBF000FAF76C /* AppDelegate.swift */ = {isa = PBXFileReference; lastKnownFileType = sourcecode.swift; path = AppDelegate.swift; sourceTree = "<group>"; };
		79247B1025FBEBF000FAF76C /* SceneDelegate.swift */ = {isa = PBXFileReference; lastKnownFileType = sourcecode.swift; path = SceneDelegate.swift; sourceTree = "<group>"; };
		79247B1225FBEBF000FAF76C /* GroupsViewController.swift */ = {isa = PBXFileReference; lastKnownFileType = sourcecode.swift; path = GroupsViewController.swift; sourceTree = "<group>"; };
		79247B1525FBEBF000FAF76C /* Base */ = {isa = PBXFileReference; lastKnownFileType = file.storyboard; name = Base; path = Base.lproj/Main.storyboard; sourceTree = "<group>"; };
		79247B1725FBEBF200FAF76C /* Assets.xcassets */ = {isa = PBXFileReference; lastKnownFileType = folder.assetcatalog; path = Assets.xcassets; sourceTree = "<group>"; };
		79247B1A25FBEBF200FAF76C /* Base */ = {isa = PBXFileReference; lastKnownFileType = file.storyboard; name = Base; path = Base.lproj/LaunchScreen.storyboard; sourceTree = "<group>"; };
		79247B1C25FBEBF200FAF76C /* Info.plist */ = {isa = PBXFileReference; lastKnownFileType = text.plist.xml; path = Info.plist; sourceTree = "<group>"; };
		79247B2D25FBF6BD00FAF76C /* LoginViewController.swift */ = {isa = PBXFileReference; lastKnownFileType = sourcecode.swift; path = LoginViewController.swift; sourceTree = "<group>"; };
		79247B3025FBF6C700FAF76C /* RegisterViewController.swift */ = {isa = PBXFileReference; lastKnownFileType = sourcecode.swift; path = RegisterViewController.swift; sourceTree = "<group>"; };
		79247B3525FBF6FF00FAF76C /* NewGroupViewController.swift */ = {isa = PBXFileReference; lastKnownFileType = sourcecode.swift; path = NewGroupViewController.swift; sourceTree = "<group>"; };
		79247B3825FBF70F00FAF76C /* ProfileViewController.swift */ = {isa = PBXFileReference; lastKnownFileType = sourcecode.swift; path = ProfileViewController.swift; sourceTree = "<group>"; };
/* End PBXFileReference section */

/* Begin PBXFrameworksBuildPhase section */
		79247B0825FBEBF000FAF76C /* Frameworks */ = {
			isa = PBXFrameworksBuildPhase;
			buildActionMask = 2147483647;
			files = (
			);
			runOnlyForDeploymentPostprocessing = 0;
		};
/* End PBXFrameworksBuildPhase section */

/* Begin PBXGroup section */
		79247B0225FBEBF000FAF76C = {
			isa = PBXGroup;
			children = (
				79247B0D25FBEBF000FAF76C /* groupCycle */,
				79247B0C25FBEBF000FAF76C /* Products */,
			);
			sourceTree = "<group>";
		};
		79247B0C25FBEBF000FAF76C /* Products */ = {
			isa = PBXGroup;
			children = (
				79247B0B25FBEBF000FAF76C /* groupCycle.app */,
			);
			name = Products;
			sourceTree = "<group>";
		};
		79247B0D25FBEBF000FAF76C /* groupCycle */ = {
			isa = PBXGroup;
			children = (
				79247B2B25FBF5A200FAF76C /* Models */,
				79247B2925FBF59400FAF76C /* Controllers */,
				79247B2C25FBF5F000FAF76C /* Views */,
				79247B2325FBF45200FAF76C /* Resources */,
			);
			path = groupCycle;
			sourceTree = "<group>";
		};
		79247B2325FBF45200FAF76C /* Resources */ = {
			isa = PBXGroup;
			children = (
				79247B0E25FBEBF000FAF76C /* AppDelegate.swift */,
				79247B1025FBEBF000FAF76C /* SceneDelegate.swift */,
				79247B1725FBEBF200FAF76C /* Assets.xcassets */,
				79247B1C25FBEBF200FAF76C /* Info.plist */,
			);
			path = Resources;
			sourceTree = "<group>";
		};
		79247B2725FBF50200FAF76C /* Storyboards */ = {
			isa = PBXGroup;
			children = (
				79247B1425FBEBF000FAF76C /* Main.storyboard */,
				79247B1925FBEBF200FAF76C /* LaunchScreen.storyboard */,
			);
			path = Storyboards;
			sourceTree = "<group>";
		};
		79247B2925FBF59400FAF76C /* Controllers */ = {
			isa = PBXGroup;
			children = (
				79247B2A25FBF59900FAF76C /* View Controllers */,
			);
			path = Controllers;
			sourceTree = "<group>";
		};
		79247B2A25FBF59900FAF76C /* View Controllers */ = {
			isa = PBXGroup;
			children = (
				79247B3825FBF70F00FAF76C /* ProfileViewController.swift */,
				79247B3525FBF6FF00FAF76C /* NewGroupViewController.swift */,
				79247B1225FBEBF000FAF76C /* GroupsViewController.swift */,
				79247B3325FBF6D400FAF76C /* Login */,
			);
			path = "View Controllers";
			sourceTree = "<group>";
		};
		79247B2B25FBF5A200FAF76C /* Models */ = {
			isa = PBXGroup;
			children = (
			);
			path = Models;
			sourceTree = "<group>";
		};
		79247B2C25FBF5F000FAF76C /* Views */ = {
			isa = PBXGroup;
			children = (
				79247B2725FBF50200FAF76C /* Storyboards */,
			);
			path = Views;
			sourceTree = "<group>";
		};
		79247B3325FBF6D400FAF76C /* Login */ = {
			isa = PBXGroup;
			children = (
				79247B2D25FBF6BD00FAF76C /* LoginViewController.swift */,
				79247B3025FBF6C700FAF76C /* RegisterViewController.swift */,
			);
			path = Login;
			sourceTree = "<group>";
		};
/* End PBXGroup section */

/* Begin PBXNativeTarget section */
		79247B0A25FBEBF000FAF76C /* groupCycle */ = {
			isa = PBXNativeTarget;
			buildConfigurationList = 79247B1F25FBEBF200FAF76C /* Build configuration list for PBXNativeTarget "groupCycle" */;
			buildPhases = (
				79247B0725FBEBF000FAF76C /* Sources */,
				79247B0825FBEBF000FAF76C /* Frameworks */,
				79247B0925FBEBF000FAF76C /* Resources */,
			);
			buildRules = (
			);
			dependencies = (
			);
			name = groupCycle;
			productName = groupCycle;
			productReference = 79247B0B25FBEBF000FAF76C /* groupCycle.app */;
			productType = "com.apple.product-type.application";
		};
/* End PBXNativeTarget section */

/* Begin PBXProject section */
		79247B0325FBEBF000FAF76C /* Project object */ = {
			isa = PBXProject;
			attributes = {
				LastSwiftUpdateCheck = 1240;
				LastUpgradeCheck = 1240;
				TargetAttributes = {
					79247B0A25FBEBF000FAF76C = {
						CreatedOnToolsVersion = 12.4;
					};
				};
			};
			buildConfigurationList = 79247B0625FBEBF000FAF76C /* Build configuration list for PBXProject "groupCycle" */;
			compatibilityVersion = "Xcode 9.3";
			developmentRegion = en;
			hasScannedForEncodings = 0;
			knownRegions = (
				en,
				Base,
			);
			mainGroup = 79247B0225FBEBF000FAF76C;
			productRefGroup = 79247B0C25FBEBF000FAF76C /* Products */;
			projectDirPath = "";
			projectRoot = "";
			targets = (
				79247B0A25FBEBF000FAF76C /* groupCycle */,
			);
		};
/* End PBXProject section */

/* Begin PBXResourcesBuildPhase section */
		79247B0925FBEBF000FAF76C /* Resources */ = {
			isa = PBXResourcesBuildPhase;
			buildActionMask = 2147483647;
			files = (
				79247B1B25FBEBF200FAF76C /* LaunchScreen.storyboard in Resources */,
				79247B1825FBEBF200FAF76C /* Assets.xcassets in Resources */,
				79247B1625FBEBF000FAF76C /* Main.storyboard in Resources */,
			);
			runOnlyForDeploymentPostprocessing = 0;
		};
/* End PBXResourcesBuildPhase section */

/* Begin PBXSourcesBuildPhase section */
		79247B0725FBEBF000FAF76C /* Sources */ = {
			isa = PBXSourcesBuildPhase;
			buildActionMask = 2147483647;
			files = (
				79247B2E25FBF6BD00FAF76C /* LoginViewController.swift in Sources */,
				79247B3625FBF6FF00FAF76C /* NewGroupViewController.swift in Sources */,
				79247B3125FBF6C700FAF76C /* RegisterViewController.swift in Sources */,
				79247B1325FBEBF000FAF76C /* GroupsViewController.swift in Sources */,
				79247B3925FBF70F00FAF76C /* ProfileViewController.swift in Sources */,
				79247B0F25FBEBF000FAF76C /* AppDelegate.swift in Sources */,
				79247B1125FBEBF000FAF76C /* SceneDelegate.swift in Sources */,
			);
			runOnlyForDeploymentPostprocessing = 0;
		};
/* End PBXSourcesBuildPhase section */

/* Begin PBXVariantGroup section */
		79247B1425FBEBF000FAF76C /* Main.storyboard */ = {
			isa = PBXVariantGroup;
			children = (
				79247B1525FBEBF000FAF76C /* Base */,
			);
			name = Main.storyboard;
			sourceTree = "<group>";
		};
		79247B1925FBEBF200FAF76C /* LaunchScreen.storyboard */ = {
			isa = PBXVariantGroup;
			children = (
				79247B1A25FBEBF200FAF76C /* Base */,
			);
			name = LaunchScreen.storyboard;
			sourceTree = "<group>";
		};
/* End PBXVariantGroup section */

/* Begin XCBuildConfiguration section */
		79247B1D25FBEBF200FAF76C /* Debug */ = {
			isa = XCBuildConfiguration;
			buildSettings = {
				ALWAYS_SEARCH_USER_PATHS = NO;
				CLANG_ANALYZER_NONNULL = YES;
				CLANG_ANALYZER_NUMBER_OBJECT_CONVERSION = YES_AGGRESSIVE;
				CLANG_CXX_LANGUAGE_STANDARD = "gnu++14";
				CLANG_CXX_LIBRARY = "libc++";
				CLANG_ENABLE_MODULES = YES;
				CLANG_ENABLE_OBJC_ARC = YES;
				CLANG_ENABLE_OBJC_WEAK = YES;
				CLANG_WARN_BLOCK_CAPTURE_AUTORELEASING = YES;
				CLANG_WARN_BOOL_CONVERSION = YES;
				CLANG_WARN_COMMA = YES;
				CLANG_WARN_CONSTANT_CONVERSION = YES;
				CLANG_WARN_DEPRECATED_OBJC_IMPLEMENTATIONS = YES;
				CLANG_WARN_DIRECT_OBJC_ISA_USAGE = YES_ERROR;
				CLANG_WARN_DOCUMENTATION_COMMENTS = YES;
				CLANG_WARN_EMPTY_BODY = YES;
				CLANG_WARN_ENUM_CONVERSION = YES;
				CLANG_WARN_INFINITE_RECURSION = YES;
				CLANG_WARN_INT_CONVERSION = YES;
				CLANG_WARN_NON_LITERAL_NULL_CONVERSION = YES;
				CLANG_WARN_OBJC_IMPLICIT_RETAIN_SELF = YES;
				CLANG_WARN_OBJC_LITERAL_CONVERSION = YES;
				CLANG_WARN_OBJC_ROOT_CLASS = YES_ERROR;
				CLANG_WARN_QUOTED_INCLUDE_IN_FRAMEWORK_HEADER = YES;
				CLANG_WARN_RANGE_LOOP_ANALYSIS = YES;
				CLANG_WARN_STRICT_PROTOTYPES = YES;
				CLANG_WARN_SUSPICIOUS_MOVE = YES;
				CLANG_WARN_UNGUARDED_AVAILABILITY = YES_AGGRESSIVE;
				CLANG_WARN_UNREACHABLE_CODE = YES;
				CLANG_WARN__DUPLICATE_METHOD_MATCH = YES;
				COPY_PHASE_STRIP = NO;
				DEBUG_INFORMATION_FORMAT = dwarf;
				ENABLE_STRICT_OBJC_MSGSEND = YES;
				ENABLE_TESTABILITY = YES;
				GCC_C_LANGUAGE_STANDARD = gnu11;
				GCC_DYNAMIC_NO_PIC = NO;
				GCC_NO_COMMON_BLOCKS = YES;
				GCC_OPTIMIZATION_LEVEL = 0;
				GCC_PREPROCESSOR_DEFINITIONS = (
					"DEBUG=1",
					"$(inherited)",
				);
				GCC_WARN_64_TO_32_BIT_CONVERSION = YES;
				GCC_WARN_ABOUT_RETURN_TYPE = YES_ERROR;
				GCC_WARN_UNDECLARED_SELECTOR = YES;
				GCC_WARN_UNINITIALIZED_AUTOS = YES_AGGRESSIVE;
				GCC_WARN_UNUSED_FUNCTION = YES;
				GCC_WARN_UNUSED_VARIABLE = YES;
				IPHONEOS_DEPLOYMENT_TARGET = 14.4;
				MTL_ENABLE_DEBUG_INFO = INCLUDE_SOURCE;
				MTL_FAST_MATH = YES;
				ONLY_ACTIVE_ARCH = YES;
				SDKROOT = iphoneos;
				SWIFT_ACTIVE_COMPILATION_CONDITIONS = DEBUG;
				SWIFT_OPTIMIZATION_LEVEL = "-Onone";
			};
			name = Debug;
		};
		79247B1E25FBEBF200FAF76C /* Release */ = {
			isa = XCBuildConfiguration;
			buildSettings = {
				ALWAYS_SEARCH_USER_PATHS = NO;
				CLANG_ANALYZER_NONNULL = YES;
				CLANG_ANALYZER_NUMBER_OBJECT_CONVERSION = YES_AGGRESSIVE;
				CLANG_CXX_LANGUAGE_STANDARD = "gnu++14";
				CLANG_CXX_LIBRARY = "libc++";
				CLANG_ENABLE_MODULES = YES;
				CLANG_ENABLE_OBJC_ARC = YES;
				CLANG_ENABLE_OBJC_WEAK = YES;
				CLANG_WARN_BLOCK_CAPTURE_AUTORELEASING = YES;
				CLANG_WARN_BOOL_CONVERSION = YES;
				CLANG_WARN_COMMA = YES;
				CLANG_WARN_CONSTANT_CONVERSION = YES;
				CLANG_WARN_DEPRECATED_OBJC_IMPLEMENTATIONS = YES;
				CLANG_WARN_DIRECT_OBJC_ISA_USAGE = YES_ERROR;
				CLANG_WARN_DOCUMENTATION_COMMENTS = YES;
				CLANG_WARN_EMPTY_BODY = YES;
				CLANG_WARN_ENUM_CONVERSION = YES;
				CLANG_WARN_INFINITE_RECURSION = YES;
				CLANG_WARN_INT_CONVERSION = YES;
				CLANG_WARN_NON_LITERAL_NULL_CONVERSION = YES;
				CLANG_WARN_OBJC_IMPLICIT_RETAIN_SELF = YES;
				CLANG_WARN_OBJC_LITERAL_CONVERSION = YES;
				CLANG_WARN_OBJC_ROOT_CLASS = YES_ERROR;
				CLANG_WARN_QUOTED_INCLUDE_IN_FRAMEWORK_HEADER = YES;
				CLANG_WARN_RANGE_LOOP_ANALYSIS = YES;
				CLANG_WARN_STRICT_PROTOTYPES = YES;
				CLANG_WARN_SUSPICIOUS_MOVE = YES;
				CLANG_WARN_UNGUARDED_AVAILABILITY = YES_AGGRESSIVE;
				CLANG_WARN_UNREACHABLE_CODE = YES;
				CLANG_WARN__DUPLICATE_METHOD_MATCH = YES;
				COPY_PHASE_STRIP = NO;
				DEBUG_INFORMATION_FORMAT = "dwarf-with-dsym";
				ENABLE_NS_ASSERTIONS = NO;
				ENABLE_STRICT_OBJC_MSGSEND = YES;
				GCC_C_LANGUAGE_STANDARD = gnu11;
				GCC_NO_COMMON_BLOCKS = YES;
				GCC_WARN_64_TO_32_BIT_CONVERSION = YES;
				GCC_WARN_ABOUT_RETURN_TYPE = YES_ERROR;
				GCC_WARN_UNDECLARED_SELECTOR = YES;
				GCC_WARN_UNINITIALIZED_AUTOS = YES_AGGRESSIVE;
				GCC_WARN_UNUSED_FUNCTION = YES;
				GCC_WARN_UNUSED_VARIABLE = YES;
				IPHONEOS_DEPLOYMENT_TARGET = 14.4;
				MTL_ENABLE_DEBUG_INFO = NO;
				MTL_FAST_MATH = YES;
				SDKROOT = iphoneos;
				SWIFT_COMPILATION_MODE = wholemodule;
				SWIFT_OPTIMIZATION_LEVEL = "-O";
				VALIDATE_PRODUCT = YES;
			};
			name = Release;
		};
		79247B2025FBEBF200FAF76C /* Debug */ = {
			isa = XCBuildConfiguration;
			buildSettings = {
				ASSETCATALOG_COMPILER_APPICON_NAME = AppIcon;
				ASSETCATALOG_COMPILER_GLOBAL_ACCENT_COLOR_NAME = AccentColor;
				CODE_SIGN_STYLE = Automatic;
				DEVELOPMENT_TEAM = 7VVA7JF63G;
				INFOPLIST_FILE = groupCycle/Resources/Info.plist;
				LD_RUNPATH_SEARCH_PATHS = (
					"$(inherited)",
					"@executable_path/Frameworks",
				);
				PRODUCT_BUNDLE_IDENTIFIER = com.RiverMccaine.groupCycle;
				PRODUCT_NAME = "$(TARGET_NAME)";
				SWIFT_VERSION = 5.0;
				TARGETED_DEVICE_FAMILY = "1,2";
			};
			name = Debug;
		};
		79247B2125FBEBF200FAF76C /* Release */ = {
			isa = XCBuildConfiguration;
			buildSettings = {
				ASSETCATALOG_COMPILER_APPICON_NAME = AppIcon;
				ASSETCATALOG_COMPILER_GLOBAL_ACCENT_COLOR_NAME = AccentColor;
				CODE_SIGN_STYLE = Automatic;
				DEVELOPMENT_TEAM = 7VVA7JF63G;
				INFOPLIST_FILE = groupCycle/Resources/Info.plist;
				LD_RUNPATH_SEARCH_PATHS = (
					"$(inherited)",
					"@executable_path/Frameworks",
				);
				PRODUCT_BUNDLE_IDENTIFIER = com.RiverMccaine.groupCycle;
				PRODUCT_NAME = "$(TARGET_NAME)";
				SWIFT_VERSION = 5.0;
				TARGETED_DEVICE_FAMILY = "1,2";
			};
			name = Release;
		};
/* End XCBuildConfiguration section */

/* Begin XCConfigurationList section */
		79247B0625FBEBF000FAF76C /* Build configuration list for PBXProject "groupCycle" */ = {
			isa = XCConfigurationList;
			buildConfigurations = (
				79247B1D25FBEBF200FAF76C /* Debug */,
				79247B1E25FBEBF200FAF76C /* Release */,
			);
			defaultConfigurationIsVisible = 0;
			defaultConfigurationName = Release;
		};
		79247B1F25FBEBF200FAF76C /* Build configuration list for PBXNativeTarget "groupCycle" */ = {
			isa = XCConfigurationList;
			buildConfigurations = (
				79247B2025FBEBF200FAF76C /* Debug */,
				79247B2125FBEBF200FAF76C /* Release */,
			);
			defaultConfigurationIsVisible = 0;
			defaultConfigurationName = Release;
		};
/* End XCConfigurationList section */
	};
	rootObject = 79247B0325FBEBF000FAF76C /* Project object */;
}
